
Microsoft Visual Studio Solution File, Format Version 12.00
# Visual Studio Version 17
VisualStudioVersion = 17.2.32519.379
MinimumVisualStudioVersion = 10.0.40219.1
Project("{FAE04EC0-301F-11D3-BF4B-00C04F79EFBC}") = "AIToolsMarketplace", "AIToolsMarketplace\AIToolsMarketplace.csproj", "{03C592C5-F1ED-4BF3-9AAA-A3C182C3806B}"
EndProject
Global
	GlobalSection(SolutionConfigurationPlatforms) = preSolution
		Debug|Any CPU = Debug|Any CPU
		Release|Any CPU = Release|Any CPU
	EndGlobalSection
	GlobalSection(ProjectConfigurationPlatforms) = postSolution
		{03C592C5-F1ED-4BF3-9AAA-A3C182C3806B}.Debug|Any CPU.ActiveCfg = Debug|Any CPU
		{03C592C5-F1ED-4BF3-9AAA-A3C182C3806B}.Debug|Any CPU.Build.0 = Debug|Any CPU
		{03C592C5-F1ED-4BF3-9AAA-A3C182C3806B}.Release|Any CPU.ActiveCfg = Release|Any CPU
		{03C592C5-F1ED-4BF3-9AAA-A3C182C3806B}.Release|Any CPU.Build.0 = Release|Any CPU
	EndGlobalSection
	GlobalSection(SolutionProperties) = preSolution
		HideSolutionNode = FALSE
	EndGlobalSection
	GlobalSection(ExtensibilityGlobals) = postSolution
		SolutionGuid = {3499124C-5022-47A4-B5ED-3F4F4F64B5B7}
	EndGlobalSection
EndGlobal
